
Microsoft Visual Studio Solution File, Format Version 12.00
# Visual Studio 14
VisualStudioVersion = 14.0.25420.1
MinimumVisualStudioVersion = 10.0.40219.1
Project("{FAE04EC0-301F-11D3-BF4B-00C04F79EFBC}") = "UserServiceLibrary", "UserServiceLibrary\UserServiceLibrary.csproj", "{6553DB6A-4F8F-4444-A291-0EFD5C8D9139}"
EndProject
Project("{FAE04EC0-301F-11D3-BF4B-00C04F79EFBC}") = "UserServiceLibrary.Tests", "UserServiceLibrary.Tests\UserServiceLibrary.Tests.csproj", "{19733BA8-DC10-486F-B4F0-D67BE58B3CC1}"
EndProject
Project("{FAE04EC0-301F-11D3-BF4B-00C04F79EFBC}") = "UserStorageLibrary", "UserStorageLibrary\UserStorageLibrary.csproj", "{7801D158-B80C-412B-9ECD-A50D1311FAF4}"
EndProject
Project("{FAE04EC0-301F-11D3-BF4B-00C04F79EFBC}") = "UserStorageLibrary.Tests", "UserStorageLibrary.Tests\UserStorageLibrary.Tests.csproj", "{069A092F-9853-487C-8074-B93916AA522D}"
EndProject
Project("{FAE04EC0-301F-11D3-BF4B-00C04F79EFBC}") = "HostApplication", "HostApplication\HostApplication.csproj", "{0E433056-ED88-490E-8749-991423F6788E}"
EndProject
Project("{FAE04EC0-301F-11D3-BF4B-00C04F79EFBC}") = "ServiceCommunicatorLibrary", "ServiceCommunicatorLibrary\ServiceCommunicatorLibrary.csproj", "{9A83053F-D904-491C-B83B-A206A68EA17E}"
EndProject
Global
	GlobalSection(SolutionConfigurationPlatforms) = preSolution
		Debug|Any CPU = Debug|Any CPU
		Release|Any CPU = Release|Any CPU
	EndGlobalSection
	GlobalSection(ProjectConfigurationPlatforms) = postSolution
		{6553DB6A-4F8F-4444-A291-0EFD5C8D9139}.Debug|Any CPU.ActiveCfg = Debug|Any CPU
		{6553DB6A-4F8F-4444-A291-0EFD5C8D9139}.Debug|Any CPU.Build.0 = Debug|Any CPU
		{6553DB6A-4F8F-4444-A291-0EFD5C8D9139}.Release|Any CPU.ActiveCfg = Release|Any CPU
		{6553DB6A-4F8F-4444-A291-0EFD5C8D9139}.Release|Any CPU.Build.0 = Release|Any CPU
		{19733BA8-DC10-486F-B4F0-D67BE58B3CC1}.Debug|Any CPU.ActiveCfg = Debug|Any CPU
		{19733BA8-DC10-486F-B4F0-D67BE58B3CC1}.Debug|Any CPU.Build.0 = Debug|Any CPU
		{19733BA8-DC10-486F-B4F0-D67BE58B3CC1}.Release|Any CPU.ActiveCfg = Release|Any CPU
		{19733BA8-DC10-486F-B4F0-D67BE58B3CC1}.Release|Any CPU.Build.0 = Release|Any CPU
		{7801D158-B80C-412B-9ECD-A50D1311FAF4}.Debug|Any CPU.ActiveCfg = Debug|Any CPU
		{7801D158-B80C-412B-9ECD-A50D1311FAF4}.Debug|Any CPU.Build.0 = Debug|Any CPU
		{7801D158-B80C-412B-9ECD-A50D1311FAF4}.Release|Any CPU.ActiveCfg = Release|Any CPU
		{7801D158-B80C-412B-9ECD-A50D1311FAF4}.Release|Any CPU.Build.0 = Release|Any CPU
		{069A092F-9853-487C-8074-B93916AA522D}.Debug|Any CPU.ActiveCfg = Debug|Any CPU
		{069A092F-9853-487C-8074-B93916AA522D}.Debug|Any CPU.Build.0 = Debug|Any CPU
		{069A092F-9853-487C-8074-B93916AA522D}.Release|Any CPU.ActiveCfg = Release|Any CPU
		{069A092F-9853-487C-8074-B93916AA522D}.Release|Any CPU.Build.0 = Release|Any CPU
		{0E433056-ED88-490E-8749-991423F6788E}.Debug|Any CPU.ActiveCfg = Debug|Any CPU
		{0E433056-ED88-490E-8749-991423F6788E}.Debug|Any CPU.Build.0 = Debug|Any CPU
		{0E433056-ED88-490E-8749-991423F6788E}.Release|Any CPU.ActiveCfg = Release|Any CPU
		{0E433056-ED88-490E-8749-991423F6788E}.Release|Any CPU.Build.0 = Release|Any CPU
		{9A83053F-D904-491C-B83B-A206A68EA17E}.Debug|Any CPU.ActiveCfg = Debug|Any CPU
		{9A83053F-D904-491C-B83B-A206A68EA17E}.Debug|Any CPU.Build.0 = Debug|Any CPU
		{9A83053F-D904-491C-B83B-A206A68EA17E}.Release|Any CPU.ActiveCfg = Release|Any CPU
		{9A83053F-D904-491C-B83B-A206A68EA17E}.Release|Any CPU.Build.0 = Release|Any CPU
	EndGlobalSection
	GlobalSection(SolutionProperties) = preSolution
		HideSolutionNode = FALSE
	EndGlobalSection
EndGlobal
